
Microsoft Visual Studio Solution File, Format Version 12.00
# Visual Studio Version 16
VisualStudioVersion = 16.0.33529.622
MinimumVisualStudioVersion = 10.0.40219.1
Project("{9A19103F-16F7-4668-BE54-9A1E7A4F7556}") = "EntityProject", "EntityProject\EntityProject.csproj", "{61D5ABF0-EDDD-4F25-A1D8-7DBA6D328ED8}"
EndProject
Project("{9A19103F-16F7-4668-BE54-9A1E7A4F7556}") = "RepositoryProject", "RepositoryProject\RepositoryProject.csproj", "{4BA34D80-187D-4C6C-8E79-E1D1B51F7546}"
EndProject
Project("{9A19103F-16F7-4668-BE54-9A1E7A4F7556}") = "WebMVC", "WebMVC\WebMVC.csproj", "{F5A5CA51-2655-47DA-9F6E-65BC7486DED6}"
EndProject
Project("{9A19103F-16F7-4668-BE54-9A1E7A4F7556}") = "DtoEntityProject", "DtoEntityProject\DtoEntityProject.csproj", "{133E60D7-A479-4DCD-BCF8-92D5F8776B42}"
EndProject
Project("{9A19103F-16F7-4668-BE54-9A1E7A4F7556}") = "ServiceProject", "ServiceProject\ServiceProject.csproj", "{D5526153-C3EF-49D7-AB46-2FEE7AD8C3B2}"
EndProject
Project("{FAE04EC0-301F-11D3-BF4B-00C04F79EFBC}") = "WebApi", "WebApi\WebApi.csproj", "{B9E71338-F425-4E4C-980E-CF1511B1F04C}"
EndProject
Global
	GlobalSection(SolutionConfigurationPlatforms) = preSolution
		Debug|Any CPU = Debug|Any CPU
		Release|Any CPU = Release|Any CPU
	EndGlobalSection
	GlobalSection(ProjectConfigurationPlatforms) = postSolution
		{61D5ABF0-EDDD-4F25-A1D8-7DBA6D328ED8}.Debug|Any CPU.ActiveCfg = Debug|Any CPU
		{61D5ABF0-EDDD-4F25-A1D8-7DBA6D328ED8}.Debug|Any CPU.Build.0 = Debug|Any CPU
		{61D5ABF0-EDDD-4F25-A1D8-7DBA6D328ED8}.Release|Any CPU.ActiveCfg = Release|Any CPU
		{61D5ABF0-EDDD-4F25-A1D8-7DBA6D328ED8}.Release|Any CPU.Build.0 = Release|Any CPU
		{4BA34D80-187D-4C6C-8E79-E1D1B51F7546}.Debug|Any CPU.ActiveCfg = Debug|Any CPU
		{4BA34D80-187D-4C6C-8E79-E1D1B51F7546}.Debug|Any CPU.Build.0 = Debug|Any CPU
		{4BA34D80-187D-4C6C-8E79-E1D1B51F7546}.Release|Any CPU.ActiveCfg = Release|Any CPU
		{4BA34D80-187D-4C6C-8E79-E1D1B51F7546}.Release|Any CPU.Build.0 = Release|Any CPU
		{F5A5CA51-2655-47DA-9F6E-65BC7486DED6}.Debug|Any CPU.ActiveCfg = Debug|Any CPU
		{F5A5CA51-2655-47DA-9F6E-65BC7486DED6}.Debug|Any CPU.Build.0 = Debug|Any CPU
		{F5A5CA51-2655-47DA-9F6E-65BC7486DED6}.Release|Any CPU.ActiveCfg = Release|Any CPU
		{F5A5CA51-2655-47DA-9F6E-65BC7486DED6}.Release|Any CPU.Build.0 = Release|Any CPU
		{133E60D7-A479-4DCD-BCF8-92D5F8776B42}.Debug|Any CPU.ActiveCfg = Debug|Any CPU
		{133E60D7-A479-4DCD-BCF8-92D5F8776B42}.Debug|Any CPU.Build.0 = Debug|Any CPU
		{133E60D7-A479-4DCD-BCF8-92D5F8776B42}.Release|Any CPU.ActiveCfg = Release|Any CPU
		{133E60D7-A479-4DCD-BCF8-92D5F8776B42}.Release|Any CPU.Build.0 = Release|Any CPU
		{D5526153-C3EF-49D7-AB46-2FEE7AD8C3B2}.Debug|Any CPU.ActiveCfg = Debug|Any CPU
		{D5526153-C3EF-49D7-AB46-2FEE7AD8C3B2}.Debug|Any CPU.Build.0 = Debug|Any CPU
		{D5526153-C3EF-49D7-AB46-2FEE7AD8C3B2}.Release|Any CPU.ActiveCfg = Release|Any CPU
		{D5526153-C3EF-49D7-AB46-2FEE7AD8C3B2}.Release|Any CPU.Build.0 = Release|Any CPU
		{B9E71338-F425-4E4C-980E-CF1511B1F04C}.Debug|Any CPU.ActiveCfg = Debug|Any CPU
		{B9E71338-F425-4E4C-980E-CF1511B1F04C}.Debug|Any CPU.Build.0 = Debug|Any CPU
		{B9E71338-F425-4E4C-980E-CF1511B1F04C}.Release|Any CPU.ActiveCfg = Release|Any CPU
		{B9E71338-F425-4E4C-980E-CF1511B1F04C}.Release|Any CPU.Build.0 = Release|Any CPU
	EndGlobalSection
	GlobalSection(SolutionProperties) = preSolution
		HideSolutionNode = FALSE
	EndGlobalSection
	GlobalSection(ExtensibilityGlobals) = postSolution
		SolutionGuid = {E2DC6F5C-B197-4300-8918-1EAA8D9DEF5D}
	EndGlobalSection
EndGlobal
